
Microsoft Visual Studio Solution File, Format Version 12.00
# Visual Studio Version 17
VisualStudioVersion = 17.0.31903.59
MinimumVisualStudioVersion = 10.0.40219.1
Project("{FAE04EC0-301F-11D3-BF4B-00C04F79EFBC}") = "Size.Api", "Size.Api\Size.Api.csproj", "{0B62922C-D4AC-4FC8-BC81-E31BE2DCBE6E}"
EndProject
Project("{FAE04EC0-301F-11D3-BF4B-00C04F79EFBC}") = "Size.Domain", "Size.Domain\Size.Domain.csproj", "{2CC0C2A2-7584-4BED-AC4E-D4773B6E0B7F}"
EndProject
Project("{FAE04EC0-301F-11D3-BF4B-00C04F79EFBC}") = "Size.Application", "Size.Application\Size.Application.csproj", "{9E44B99B-8303-4912-80FB-54CA8C153D63}"
EndProject
Project("{FAE04EC0-301F-11D3-BF4B-00C04F79EFBC}") = "Size.Infrastructure", "Size.Infrastructure\Size.Infrastructure.csproj", "{34F4625A-74C0-4A08-94BE-02181C70DDF9}"
EndProject
Global
	GlobalSection(SolutionConfigurationPlatforms) = preSolution
		Debug|Any CPU = Debug|Any CPU
		Debug|x64 = Debug|x64
		Debug|x86 = Debug|x86
		Release|Any CPU = Release|Any CPU
		Release|x64 = Release|x64
		Release|x86 = Release|x86
	EndGlobalSection
	GlobalSection(ProjectConfigurationPlatforms) = postSolution
		{0B62922C-D4AC-4FC8-BC81-E31BE2DCBE6E}.Debug|Any CPU.ActiveCfg = Debug|Any CPU
		{0B62922C-D4AC-4FC8-BC81-E31BE2DCBE6E}.Debug|Any CPU.Build.0 = Debug|Any CPU
		{0B62922C-D4AC-4FC8-BC81-E31BE2DCBE6E}.Debug|x64.ActiveCfg = Debug|Any CPU
		{0B62922C-D4AC-4FC8-BC81-E31BE2DCBE6E}.Debug|x64.Build.0 = Debug|Any CPU
		{0B62922C-D4AC-4FC8-BC81-E31BE2DCBE6E}.Debug|x86.ActiveCfg = Debug|Any CPU
		{0B62922C-D4AC-4FC8-BC81-E31BE2DCBE6E}.Debug|x86.Build.0 = Debug|Any CPU
		{0B62922C-D4AC-4FC8-BC81-E31BE2DCBE6E}.Release|Any CPU.ActiveCfg = Release|Any CPU
		{0B62922C-D4AC-4FC8-BC81-E31BE2DCBE6E}.Release|Any CPU.Build.0 = Release|Any CPU
		{0B62922C-D4AC-4FC8-BC81-E31BE2DCBE6E}.Release|x64.ActiveCfg = Release|Any CPU
		{0B62922C-D4AC-4FC8-BC81-E31BE2DCBE6E}.Release|x64.Build.0 = Release|Any CPU
		{0B62922C-D4AC-4FC8-BC81-E31BE2DCBE6E}.Release|x86.ActiveCfg = Release|Any CPU
		{0B62922C-D4AC-4FC8-BC81-E31BE2DCBE6E}.Release|x86.Build.0 = Release|Any CPU
		{2CC0C2A2-7584-4BED-AC4E-D4773B6E0B7F}.Debug|Any CPU.ActiveCfg = Debug|Any CPU
		{2CC0C2A2-7584-4BED-AC4E-D4773B6E0B7F}.Debug|Any CPU.Build.0 = Debug|Any CPU
		{2CC0C2A2-7584-4BED-AC4E-D4773B6E0B7F}.Debug|x64.ActiveCfg = Debug|Any CPU
		{2CC0C2A2-7584-4BED-AC4E-D4773B6E0B7F}.Debug|x64.Build.0 = Debug|Any CPU
		{2CC0C2A2-7584-4BED-AC4E-D4773B6E0B7F}.Debug|x86.ActiveCfg = Debug|Any CPU
		{2CC0C2A2-7584-4BED-AC4E-D4773B6E0B7F}.Debug|x86.Build.0 = Debug|Any CPU
		{2CC0C2A2-7584-4BED-AC4E-D4773B6E0B7F}.Release|Any CPU.ActiveCfg = Release|Any CPU
		{2CC0C2A2-7584-4BED-AC4E-D4773B6E0B7F}.Release|Any CPU.Build.0 = Release|Any CPU
		{2CC0C2A2-7584-4BED-AC4E-D4773B6E0B7F}.Release|x64.ActiveCfg = Release|Any CPU
		{2CC0C2A2-7584-4BED-AC4E-D4773B6E0B7F}.Release|x64.Build.0 = Release|Any CPU
		{2CC0C2A2-7584-4BED-AC4E-D4773B6E0B7F}.Release|x86.ActiveCfg = Release|Any CPU
		{2CC0C2A2-7584-4BED-AC4E-D4773B6E0B7F}.Release|x86.Build.0 = Release|Any CPU
		{9E44B99B-8303-4912-80FB-54CA8C153D63}.Debug|Any CPU.ActiveCfg = Debug|Any CPU
		{9E44B99B-8303-4912-80FB-54CA8C153D63}.Debug|Any CPU.Build.0 = Debug|Any CPU
		{9E44B99B-8303-4912-80FB-54CA8C153D63}.Debug|x64.ActiveCfg = Debug|Any CPU
		{9E44B99B-8303-4912-80FB-54CA8C153D63}.Debug|x64.Build.0 = Debug|Any CPU
		{9E44B99B-8303-4912-80FB-54CA8C153D63}.Debug|x86.ActiveCfg = Debug|Any CPU
		{9E44B99B-8303-4912-80FB-54CA8C153D63}.Debug|x86.Build.0 = Debug|Any CPU
		{9E44B99B-8303-4912-80FB-54CA8C153D63}.Release|Any CPU.ActiveCfg = Release|Any CPU
		{9E44B99B-8303-4912-80FB-54CA8C153D63}.Release|Any CPU.Build.0 = Release|Any CPU
		{9E44B99B-8303-4912-80FB-54CA8C153D63}.Release|x64.ActiveCfg = Release|Any CPU
		{9E44B99B-8303-4912-80FB-54CA8C153D63}.Release|x64.Build.0 = Release|Any CPU
		{9E44B99B-8303-4912-80FB-54CA8C153D63}.Release|x86.ActiveCfg = Release|Any CPU
		{9E44B99B-8303-4912-80FB-54CA8C153D63}.Release|x86.Build.0 = Release|Any CPU
		{34F4625A-74C0-4A08-94BE-02181C70DDF9}.Debug|Any CPU.ActiveCfg = Debug|Any CPU
		{34F4625A-74C0-4A08-94BE-02181C70DDF9}.Debug|Any CPU.Build.0 = Debug|Any CPU
		{34F4625A-74C0-4A08-94BE-02181C70DDF9}.Debug|x64.ActiveCfg = Debug|Any CPU
		{34F4625A-74C0-4A08-94BE-02181C70DDF9}.Debug|x64.Build.0 = Debug|Any CPU
		{34F4625A-74C0-4A08-94BE-02181C70DDF9}.Debug|x86.ActiveCfg = Debug|Any CPU
		{34F4625A-74C0-4A08-94BE-02181C70DDF9}.Debug|x86.Build.0 = Debug|Any CPU
		{34F4625A-74C0-4A08-94BE-02181C70DDF9}.Release|Any CPU.ActiveCfg = Release|Any CPU
		{34F4625A-74C0-4A08-94BE-02181C70DDF9}.Release|Any CPU.Build.0 = Release|Any CPU
		{34F4625A-74C0-4A08-94BE-02181C70DDF9}.Release|x64.ActiveCfg = Release|Any CPU
		{34F4625A-74C0-4A08-94BE-02181C70DDF9}.Release|x64.Build.0 = Release|Any CPU
		{34F4625A-74C0-4A08-94BE-02181C70DDF9}.Release|x86.ActiveCfg = Release|Any CPU
		{34F4625A-74C0-4A08-94BE-02181C70DDF9}.Release|x86.Build.0 = Release|Any CPU
	EndGlobalSection
	GlobalSection(SolutionProperties) = preSolution
		HideSolutionNode = FALSE
	EndGlobalSection
EndGlobal
